
Microsoft Visual Studio Solution File, Format Version 12.00
# Visual Studio Version 16
VisualStudioVersion = 16.0.29409.12
MinimumVisualStudioVersion = 10.0.40219.1
Project("{00D1A9C2-B5F0-4AF3-8072-F6C62B433612}") = "DBMS_bonus", "DBMS_bonus\DBMS_bonus.sqlproj", "{4BA82F71-9176-4E64-91F7-B2B132F1A0A0}"
EndProject
Global
	GlobalSection(SolutionConfigurationPlatforms) = preSolution
		Debug|Any CPU = Debug|Any CPU
		Release|Any CPU = Release|Any CPU
	EndGlobalSection
	GlobalSection(ProjectConfigurationPlatforms) = postSolution
		{4BA82F71-9176-4E64-91F7-B2B132F1A0A0}.Debug|Any CPU.ActiveCfg = Debug|Any CPU
		{4BA82F71-9176-4E64-91F7-B2B132F1A0A0}.Debug|Any CPU.Build.0 = Debug|Any CPU
		{4BA82F71-9176-4E64-91F7-B2B132F1A0A0}.Debug|Any CPU.Deploy.0 = Debug|Any CPU
		{4BA82F71-9176-4E64-91F7-B2B132F1A0A0}.Release|Any CPU.ActiveCfg = Release|Any CPU
		{4BA82F71-9176-4E64-91F7-B2B132F1A0A0}.Release|Any CPU.Build.0 = Release|Any CPU
		{4BA82F71-9176-4E64-91F7-B2B132F1A0A0}.Release|Any CPU.Deploy.0 = Release|Any CPU
	EndGlobalSection
	GlobalSection(SolutionProperties) = preSolution
		HideSolutionNode = FALSE
	EndGlobalSection
	GlobalSection(ExtensibilityGlobals) = postSolution
		SolutionGuid = {B79E2503-7BDD-4E32-8794-23769864CA55}
	EndGlobalSection
EndGlobal
